// !$*UTF8*$!
{
	archiveVersion = 1;
	classes = {
	};
	objectVersion = 46;
	objects = {

/* Begin PBXBuildFile section */
		43DBE97E1CDB9916001E314B /* main.m in Sources */ = {isa = PBXBuildFile; fileRef = 43DBE97D1CDB9916001E314B /* main.m */; };
		43DBE9861CDB9AD7001E314B /* Patient.m in Sources */ = {isa = PBXBuildFile; fileRef = 43DBE9851CDB9AD7001E314B /* Patient.m */; };
		43DBE9891CDB9AE1001E314B /* Doctor.m in Sources */ = {isa = PBXBuildFile; fileRef = 43DBE9881CDB9AE1001E314B /* Doctor.m */; };
		43DBE9921CDBC2F0001E314B /* Prescription.m in Sources */ = {isa = PBXBuildFile; fileRef = 43DBE9901CDBC2F0001E314B /* Prescription.m */; };
/* End PBXBuildFile section */

/* Begin PBXCopyFilesBuildPhase section */
		43DBE9781CDB9916001E314B /* CopyFiles */ = {
			isa = PBXCopyFilesBuildPhase;
			buildActionMask = 2147483647;
			dstPath = /usr/share/man/man1/;
			dstSubfolderSpec = 0;
			files = (
			);
			runOnlyForDeploymentPostprocessing = 1;
		};
/* End PBXCopyFilesBuildPhase section */

/* Begin PBXFileReference section */
		43DBE97A1CDB9916001E314B /* Patient_Doctor */ = {isa = PBXFileReference; explicitFileType = "compiled.mach-o.executable"; includeInIndex = 0; path = Patient_Doctor; sourceTree = BUILT_PRODUCTS_DIR; };
		43DBE97D1CDB9916001E314B /* main.m */ = {isa = PBXFileReference; lastKnownFileType = sourcecode.c.objc; path = main.m; sourceTree = "<group>"; };
		43DBE9841CDB9AD7001E314B /* Patient.h */ = {isa = PBXFileReference; fileEncoding = 4; lastKnownFileType = sourcecode.c.h; path = Patient.h; sourceTree = "<group>"; };
		43DBE9851CDB9AD7001E314B /* Patient.m */ = {isa = PBXFileReference; fileEncoding = 4; lastKnownFileType = sourcecode.c.objc; path = Patient.m; sourceTree = "<group>"; };
		43DBE9871CDB9AE1001E314B /* Doctor.h */ = {isa = PBXFileReference; fileEncoding = 4; lastKnownFileType = sourcecode.c.h; path = Doctor.h; sourceTree = "<group>"; };
		43DBE9881CDB9AE1001E314B /* Doctor.m */ = {isa = PBXFileReference; fileEncoding = 4; lastKnownFileType = sourcecode.c.objc; path = Doctor.m; sourceTree = "<group>"; };
		43DBE9901CDBC2F0001E314B /* Prescription.m */ = {isa = PBXFileReference; fileEncoding = 4; lastKnownFileType = sourcecode.c.objc; path = Prescription.m; sourceTree = "<group>"; };
		43DBE9911CDBC2F0001E314B /* Prescription.h */ = {isa = PBXFileReference; fileEncoding = 4; lastKnownFileType = sourcecode.c.h; path = Prescription.h; sourceTree = "<group>"; };
/* End PBXFileReference section */

/* Begin PBXFrameworksBuildPhase section */
		43DBE9771CDB9916001E314B /* Frameworks */ = {
			isa = PBXFrameworksBuildPhase;
			buildActionMask = 2147483647;
			files = (
			);
			runOnlyForDeploymentPostprocessing = 0;
		};
/* End PBXFrameworksBuildPhase section */

/* Begin PBXGroup section */
		43DBE9711CDB9916001E314B = {
			isa = PBXGroup;
			children = (
				43DBE97C1CDB9916001E314B /* Patient_Doctor */,
				43DBE97B1CDB9916001E314B /* Products */,
			);
			sourceTree = "<group>";
		};
		43DBE97B1CDB9916001E314B /* Products */ = {
			isa = PBXGroup;
			children = (
				43DBE97A1CDB9916001E314B /* Patient_Doctor */,
			);
			name = Products;
			sourceTree = "<group>";
		};
		43DBE97C1CDB9916001E314B /* Patient_Doctor */ = {
			isa = PBXGroup;
			children = (
				43DBE97D1CDB9916001E314B /* main.m */,
				43DBE9841CDB9AD7001E314B /* Patient.h */,
				43DBE9851CDB9AD7001E314B /* Patient.m */,
				43DBE9871CDB9AE1001E314B /* Doctor.h */,
				43DBE9881CDB9AE1001E314B /* Doctor.m */,
				43DBE9901CDBC2F0001E314B /* Prescription.m */,
				43DBE9911CDBC2F0001E314B /* Prescription.h */,
			);
			path = Patient_Doctor;
			sourceTree = "<group>";
		};
/* End PBXGroup section */

/* Begin PBXNativeTarget section */
		43DBE9791CDB9916001E314B /* Patient_Doctor */ = {
			isa = PBXNativeTarget;
			buildConfigurationList = 43DBE9811CDB9916001E314B /* Build configuration list for PBXNativeTarget "Patient_Doctor" */;
			buildPhases = (
				43DBE9761CDB9916001E314B /* Sources */,
				43DBE9771CDB9916001E314B /* Frameworks */,
				43DBE9781CDB9916001E314B /* CopyFiles */,
			);
			buildRules = (
			);
			dependencies = (
			);
			name = Patient_Doctor;
			productName = Patient_Doctor;
			productReference = 43DBE97A1CDB9916001E314B /* Patient_Doctor */;
			productType = "com.apple.product-type.tool";
		};
/* End PBXNativeTarget section */

/* Begin PBXProject section */
		43DBE9721CDB9916001E314B /* Project object */ = {
			isa = PBXProject;
			attributes = {
				LastUpgradeCheck = 0720;
				ORGANIZATIONNAME = Vectura;
				TargetAttributes = {
					43DBE9791CDB9916001E314B = {
						CreatedOnToolsVersion = 7.2.1;
					};
				};
			};
			buildConfigurationList = 43DBE9751CDB9916001E314B /* Build configuration list for PBXProject "Patient_Doctor" */;
			compatibilityVersion = "Xcode 3.2";
			developmentRegion = English;
			hasScannedForEncodings = 0;
			knownRegions = (
				en,
			);
			mainGroup = 43DBE9711CDB9916001E314B;
			productRefGroup = 43DBE97B1CDB9916001E314B /* Products */;
			projectDirPath = "";
			projectRoot = "";
			targets = (
				43DBE9791CDB9916001E314B /* Patient_Doctor */,
			);
		};
/* End PBXProject section */

/* Begin PBXSourcesBuildPhase section */
		43DBE9761CDB9916001E314B /* Sources */ = {
			isa = PBXSourcesBuildPhase;
			buildActionMask = 2147483647;
			files = (
				43DBE97E1CDB9916001E314B /* main.m in Sources */,
				43DBE9861CDB9AD7001E314B /* Patient.m in Sources */,
				43DBE9891CDB9AE1001E314B /* Doctor.m in Sources */,
				43DBE9921CDBC2F0001E314B /* Prescription.m in Sources */,
			);
			runOnlyForDeploymentPostprocessing = 0;
		};
/* End PBXSourcesBuildPhase section */

/* Begin XCBuildConfiguration section */
		43DBE97F1CDB9916001E314B /* Debug */ = {
			isa = XCBuildConfiguration;
			buildSettings = {
				ALWAYS_SEARCH_USER_PATHS = NO;
				CLANG_CXX_LANGUAGE_STANDARD = "gnu++0x";
				CLANG_CXX_LIBRARY = "libc++";
				CLANG_ENABLE_MODULES = YES;
				CLANG_ENABLE_OBJC_ARC = YES;
				CLANG_WARN_BOOL_CONVERSION = YES;
				CLANG_WARN_CONSTANT_CONVERSION = YES;
				CLANG_WARN_DIRECT_OBJC_ISA_USAGE = YES_ERROR;
				CLANG_WARN_EMPTY_BODY = YES;
				CLANG_WARN_ENUM_CONVERSION = YES;
				CLANG_WARN_INT_CONVERSION = YES;
				CLANG_WARN_OBJC_ROOT_CLASS = YES_ERROR;
				CLANG_WARN_UNREACHABLE_CODE = YES;
				CLANG_WARN__DUPLICATE_METHOD_MATCH = YES;
				CODE_SIGN_IDENTITY = "-";
				COPY_PHASE_STRIP = NO;
				DEBUG_INFORMATION_FORMAT = dwarf;
				ENABLE_STRICT_OBJC_MSGSEND = YES;
				ENABLE_TESTABILITY = YES;
				GCC_C_LANGUAGE_STANDARD = gnu99;
				GCC_DYNAMIC_NO_PIC = NO;
				GCC_NO_COMMON_BLOCKS = YES;
				GCC_OPTIMIZATION_LEVEL = 0;
				GCC_PREPROCESSOR_DEFINITIONS = (
					"DEBUG=1",
					"$(inherited)",
				);
				GCC_WARN_64_TO_32_BIT_CONVERSION = YES;
				GCC_WARN_ABOUT_RETURN_TYPE = YES_ERROR;
				GCC_WARN_UNDECLARED_SELECTOR = YES;
				GCC_WARN_UNINITIALIZED_AUTOS = YES_AGGRESSIVE;
				GCC_WARN_UNUSED_FUNCTION = YES;
				GCC_WARN_UNUSED_VARIABLE = YES;
				MACOSX_DEPLOYMENT_TARGET = 10.10;
				MTL_ENABLE_DEBUG_INFO = YES;
				ONLY_ACTIVE_ARCH = YES;
				SDKROOT = macosx;
			};
			name = Debug;
		};
		43DBE9801CDB9916001E314B /* Release */ = {
			isa = XCBuildConfiguration;
			buildSettings = {
				ALWAYS_SEARCH_USER_PATHS = NO;
				CLANG_CXX_LANGUAGE_STANDARD = "gnu++0x";
				CLANG_CXX_LIBRARY = "libc++";
				CLANG_ENABLE_MODULES = YES;
				CLANG_ENABLE_OBJC_ARC = YES;
				CLANG_WARN_BOOL_CONVERSION = YES;
				CLANG_WARN_CONSTANT_CONVERSION = YES;
				CLANG_WARN_DIRECT_OBJC_ISA_USAGE = YES_ERROR;
				CLANG_WARN_EMPTY_BODY = YES;
				CLANG_WARN_ENUM_CONVERSION = YES;
				CLANG_WARN_INT_CONVERSION = YES;
				CLANG_WARN_OBJC_ROOT_CLASS = YES_ERROR;
				CLANG_WARN_UNREACHABLE_CODE = YES;
				CLANG_WARN__DUPLICATE_METHOD_MATCH = YES;
				CODE_SIGN_IDENTITY = "-";
				COPY_PHASE_STRIP = NO;
				DEBUG_INFORMATION_FORMAT = "dwarf-with-dsym";
				ENABLE_NS_ASSERTIONS = NO;
				ENABLE_STRICT_OBJC_MSGSEND = YES;
				GCC_C_LANGUAGE_STANDARD = gnu99;
				GCC_NO_COMMON_BLOCKS = YES;
				GCC_WARN_64_TO_32_BIT_CONVERSION = YES;
				GCC_WARN_ABOUT_RETURN_TYPE = YES_ERROR;
				GCC_WARN_UNDECLARED_SELECTOR = YES;
				GCC_WARN_UNINITIALIZED_AUTOS = YES_AGGRESSIVE;
				GCC_WARN_UNUSED_FUNCTION = YES;
				GCC_WARN_UNUSED_VARIABLE = YES;
				MACOSX_DEPLOYMENT_TARGET = 10.10;
				MTL_ENABLE_DEBUG_INFO = NO;
				SDKROOT = macosx;
			};
			name = Release;
		};
		43DBE9821CDB9916001E314B /* Debug */ = {
			isa = XCBuildConfiguration;
			buildSettings = {
				PRODUCT_NAME = "$(TARGET_NAME)";
			};
			name = Debug;
		};
		43DBE9831CDB9916001E314B /* Release */ = {
			isa = XCBuildConfiguration;
			buildSettings = {
				PRODUCT_NAME = "$(TARGET_NAME)";
			};
			name = Release;
		};
/* End XCBuildConfiguration section */

/* Begin XCConfigurationList section */
		43DBE9751CDB9916001E314B /* Build configuration list for PBXProject "Patient_Doctor" */ = {
			isa = XCConfigurationList;
			buildConfigurations = (
				43DBE97F1CDB9916001E314B /* Debug */,
				43DBE9801CDB9916001E314B /* Release */,
			);
			defaultConfigurationIsVisible = 0;
			defaultConfigurationName = Release;
		};
		43DBE9811CDB9916001E314B /* Build configuration list for PBXNativeTarget "Patient_Doctor" */ = {
			isa = XCConfigurationList;
			buildConfigurations = (
				43DBE9821CDB9916001E314B /* Debug */,
				43DBE9831CDB9916001E314B /* Release */,
			);
			defaultConfigurationIsVisible = 0;
			defaultConfigurationName = Release;
		};
/* End XCConfigurationList section */
	};
	rootObject = 43DBE9721CDB9916001E314B /* Project object */;
}
